github.com/gocraft/web v0.0.0-20190207150652-9707327fb69b h1:g2Qcs0B+vOQE1L3a7WQ/JUUSzJnHbTz14qkJSqEWcF4=
github.com/gocraft/web v0.0.0-20190207150652-9707327fb69b/go.mod h1:Ag7UMbZNGrnHwaXPJOUKJIVgx4QOWMOWZngrvsN6qak=
github.com/julienschmidt/httprouter v1.3.0 h1:U0609e9tgbseu3rBINet9P48AI/D3oJs4dN7jwJOQ1U=
github.com/julienschmidt/httprouter v1.3.0/go.mod h1:JR6WtHb+2LUe8TCKY3cZOxFyyO8IZAc4RVcycCCAKdM=
